
Microsoft Visual Studio Solution File, Format Version 12.00
# Visual Studio Version 17
VisualStudioVersion = 17.13.35828.75
MinimumVisualStudioVersion = 10.0.40219.1
Project("{FAE04EC0-301F-11D3-BF4B-00C04F79EFBC}") = "Hotel Philoxenia", "Hotel Philoxenia.csproj", "{7DD98679-90A5-40F6-B00B-832E8D44F899}"
EndProject
Project("{2150E333-8FDC-42A3-9474-1A3956D46DE8}") = "Solution Items", "Solution Items", "{8EC462FD-D22E-90A8-E5CE-7E832BA40C5D}"
	ProjectSection(SolutionItems) = preProject
		..\..\Documents\Visual Studio 2022\My Exported Templates\BookingClass.cs = ..\..\Documents\Visual Studio 2022\My Exported Templates\BookingClass.cs
		..\..\Documents\Visual Studio 2022\My Exported Templates\BookingClass.Designer.cs = ..\..\Documents\Visual Studio 2022\My Exported Templates\BookingClass.Designer.cs
		..\..\Documents\Visual Studio 2022\My Exported Templates\BookingClass.resx = ..\..\Documents\Visual Studio 2022\My Exported Templates\BookingClass.resx
	EndProjectSection
EndProject
Global
	GlobalSection(SolutionConfigurationPlatforms) = preSolution
		Debug|Any CPU = Debug|Any CPU
		Release|Any CPU = Release|Any CPU
	EndGlobalSection
	GlobalSection(ProjectConfigurationPlatforms) = postSolution
		{7DD98679-90A5-40F6-B00B-832E8D44F899}.Debug|Any CPU.ActiveCfg = Debug|Any CPU
		{7DD98679-90A5-40F6-B00B-832E8D44F899}.Debug|Any CPU.Build.0 = Debug|Any CPU
		{7DD98679-90A5-40F6-B00B-832E8D44F899}.Release|Any CPU.ActiveCfg = Release|Any CPU
		{7DD98679-90A5-40F6-B00B-832E8D44F899}.Release|Any CPU.Build.0 = Release|Any CPU
	EndGlobalSection
	GlobalSection(SolutionProperties) = preSolution
		HideSolutionNode = FALSE
	EndGlobalSection
	GlobalSection(ExtensibilityGlobals) = postSolution
		SolutionGuid = {F32C8770-EC5C-4961-B64D-300B25DACD8E}
	EndGlobalSection
EndGlobal
